{
  "nodes": {
    "nixpkgs": {
      "locked": {
        "lastModified": 1639882315,
        "narHash": "sha256-Qzg3Sg9fODW+BB+t1hrehioH0CQVBAUGRFx28WH6gVs=",
        "owner": "NixOS",
        "repo": "nixpkgs",
        "rev": "b695fc9a5082797681d11e609b757ff382f5a93e",
        "type": "github"
      },
      "original": {
        "owner": "NixOS",
        "repo": "nixpkgs",
        "type": "github"
      }
    },
    "root": {
      "inputs": {
        "nixpkgs": "nixpkgs"
      }
    }
  },
  "root": "root",
  "version": 7
}
