{
  "nodes": {
    "nixpkgs": {
      "locked": {
        "lastModified": 1641091559,
        "narHash": "sha256-VcV/5wF2vddIupms2x0FqQSNIjjgYTJSukcYL3gNrUI=",
        "owner": "NixOS",
        "repo": "nixpkgs",
        "rev": "057166b50eb1dc254ff3aaef8273f6d37335c47f",
        "type": "github"
      },
      "original": {
        "owner": "NixOS",
        "repo": "nixpkgs",
        "type": "github"
      }
    },
    "root": {
      "inputs": {
        "nixpkgs": "nixpkgs"
      }
    }
  },
  "root": "root",
  "version": 7
}
